{
  "version": 4,
  "terraform_version": "1.11.3",
  "serial": 202,
  "lineage": "edc77ba5-f7ea-5ba1-1bfd-67848d987a52",
  "outputs": {
    "application_url": {
      "value": "http://52.47.141.69",
      "type": "string"
    },
    "elastic_ip": {
      "value": "52.47.141.69",
      "type": "string"
    },
    "instance_id": {
      "value": "i-056aff6c3c0fcde7e",
      "type": "string"
    },
    "instance_public_ip": {
      "value": "",
      "type": "string"
    },
    "key_pair_name": {
      "value": "generated-key-pair",
      "type": "string"
    },
    "private_key_path": {
      "value": "./tp-terraform-ipi.pem",
      "type": "string"
    },
    "public_subnet_ids": {
      "value": [
        "subnet-0dab204fdba46b816"
      ],
      "type": [
        "tuple",
        [
          "string"
        ]
      ]
    },
    "security_group_id": {
      "value": "sg-0aaa84ba964659918",
      "type": "string"
    },
    "ssh_connection_command": {
      "value": "ssh -i ./tp-terraform-ipi.pem ec2-user@52.47.141.69",
      "type": "string"
    },
    "vpc_id": {
      "value": "vpc-0575034ac09b1e206",
      "type": "string"
    }
  },
  "resources": [
    {
      "mode": "data",
      "type": "aws_ami",
      "name": "amzn-linux-2023-ami",
      "provider": "provider[\"registry.terraform.io/hashicorp/aws\"]",
      "instances": [
        {
          "schema_version": 0,
          "attributes": {
            "architecture": "x86_64",
            "arn": "arn:aws:ec2:eu-west-3::image/ami-03b82db05dca8118d",
            "block_device_mappings": [
              {
                "device_name": "/dev/xvda",
                "ebs": {
                  "delete_on_termination": "true",
                  "encrypted": "false",
                  "iops": "3000",
                  "snapshot_id": "snap-00be1bd6aca851502",
                  "throughput": "125",
                  "volume_size": "8",
                  "volume_type": "gp3"
                },
                "no_device": "",
                "virtual_name": ""
              }
            ],
            "boot_mode": "uefi-preferred",
            "creation_date": "2025-04-30T19:33:14.000Z",
            "deprecation_time": "2025-07-29T19:33:00.000Z",
            "description": "Amazon Linux 2023 AMI 2023.7.20250428.1 x86_64 HVM kernel-6.1",
            "ena_support": true,
            "executable_users": null,
            "filter": [
              {
                "name": "name",
                "values": [
                  "al2023-ami-2023.*-x86_64"
                ]
              }
            ],
            "hypervisor": "xen",
            "id": "ami-03b82db05dca8118d",
            "image_id": "ami-03b82db05dca8118d",
            "image_location": "amazon/al2023-ami-2023.7.20250428.1-kernel-6.1-x86_64",
            "image_owner_alias": "amazon",
            "image_type": "machine",
            "imds_support": "v2.0",
            "include_deprecated": false,
            "kernel_id": "",
            "last_launched_time": "",
            "most_recent": true,
            "name": "al2023-ami-2023.7.20250428.1-kernel-6.1-x86_64",
            "name_regex": null,
            "owner_id": "137112412989",
            "owners": [
              "amazon"
            ],
            "platform": "",
            "platform_details": "Linux/UNIX",
            "product_codes": [],
            "public": true,
            "ramdisk_id": "",
            "root_device_name": "/dev/xvda",
            "root_device_type": "ebs",
            "root_snapshot_id": "snap-00be1bd6aca851502",
            "sriov_net_support": "simple",
            "state": "available",
            "state_reason": {
              "code": "UNSET",
              "message": "UNSET"
            },
            "tags": {},
            "timeouts": null,
            "tpm_support": "",
            "uefi_data": null,
            "usage_operation": "RunInstances",
            "virtualization_type": "hvm"
          },
          "sensitive_attributes": []
        }
      ]
    },
    {
      "mode": "managed",
      "type": "aws_eip",
      "name": "tp-terraform-eip",
      "provider": "provider[\"registry.terraform.io/hashicorp/aws\"]",
      "instances": [
        {
          "schema_version": 0,
          "attributes": {
            "address": null,
            "allocation_id": "eipalloc-07b62a410366c831b",
            "arn": "arn:aws:ec2:eu-west-3:195974252597:elastic-ip/eipalloc-07b62a410366c831b",
            "associate_with_private_ip": null,
            "association_id": "",
            "carrier_ip": "",
            "customer_owned_ip": "",
            "customer_owned_ipv4_pool": "",
            "domain": "vpc",
            "id": "eipalloc-07b62a410366c831b",
            "instance": "",
            "ipam_pool_id": null,
            "network_border_group": "eu-west-3",
            "network_interface": "",
            "private_dns": null,
            "private_ip": "",
            "ptr_record": "",
            "public_dns": "ec2-52-47-141-69.eu-west-3.compute.amazonaws.com",
            "public_ip": "52.47.141.69",
            "public_ipv4_pool": "amazon",
            "tags": {
              "Name": "tp-terraform-eip"
            },
            "tags_all": {
              "Name": "tp-terraform-eip"
            },
            "timeouts": null,
            "vpc": true
          },
          "sensitive_attributes": [],
          "private": "eyJlMmJmYjczMC1lY2FhLTExZTYtOGY4OC0zNDM2M2JjN2M0YzAiOnsiZGVsZXRlIjoxODAwMDAwMDAwMDAsInJlYWQiOjkwMDAwMDAwMDAwMCwidXBkYXRlIjozMDAwMDAwMDAwMDB9fQ=="
        }
      ]
    },
    {
      "mode": "managed",
      "type": "aws_eip_association",
      "name": "tp-terraform-eip-assoc",
      "provider": "provider[\"registry.terraform.io/hashicorp/aws\"]",
      "instances": [
        {
          "schema_version": 0,
          "attributes": {
            "allocation_id": "eipalloc-07b62a410366c831b",
            "allow_reassociation": null,
            "id": "eipassoc-09f6f3dfe9f1d5ae2",
            "instance_id": "i-056aff6c3c0fcde7e",
            "network_interface_id": "eni-0b9c28aac301f45f0",
            "private_ip_address": "10.0.101.221",
            "public_ip": "52.47.141.69"
          },
          "sensitive_attributes": [],
          "private": "bnVsbA==",
          "dependencies": [
            "aws_eip.tp-terraform-eip",
            "aws_instance.tp-terraform-ec2",
            "aws_key_pair.generated_key",
            "aws_security_group.tp-terraform-ec2-allow_tls_ssh",
            "data.aws_ami.amzn-linux-2023-ami",
            "module.vpc.aws_subnet.public",
            "module.vpc.aws_vpc.this",
            "module.vpc.aws_vpc_ipv4_cidr_block_association.this",
            "tls_private_key.this"
          ]
        }
      ]
    },
    {
      "mode": "managed",
      "type": "aws_instance",
      "name": "tp-terraform-ec2",
      "provider": "provider[\"registry.terraform.io/hashicorp/aws\"]",
      "instances": [
        {
          "schema_version": 1,
          "attributes": {
            "ami": "ami-03b82db05dca8118d",
            "arn": "arn:aws:ec2:eu-west-3:195974252597:instance/i-056aff6c3c0fcde7e",
            "associate_public_ip_address": false,
            "availability_zone": "eu-west-3a",
            "capacity_reservation_specification": [
              {
                "capacity_reservation_preference": "open",
                "capacity_reservation_target": []
              }
            ],
            "cpu_core_count": 1,
            "cpu_options": [
              {
                "amd_sev_snp": "",
                "core_count": 1,
                "threads_per_core": 1
              }
            ],
            "cpu_threads_per_core": 1,
            "credit_specification": [
              {
                "cpu_credits": "standard"
              }
            ],
            "disable_api_stop": false,
            "disable_api_termination": false,
            "ebs_block_device": [],
            "ebs_optimized": false,
            "enable_primary_ipv6": null,
            "enclave_options": [
              {
                "enabled": false
              }
            ],
            "ephemeral_block_device": [],
            "get_password_data": false,
            "hibernation": false,
            "host_id": "",
            "host_resource_group_arn": null,
            "iam_instance_profile": "",
            "id": "i-056aff6c3c0fcde7e",
            "instance_initiated_shutdown_behavior": "stop",
            "instance_lifecycle": "",
            "instance_market_options": [],
            "instance_state": "running",
            "instance_type": "t2.micro",
            "ipv6_address_count": 0,
            "ipv6_addresses": [],
            "key_name": "generated-key-pair",
            "launch_template": [],
            "maintenance_options": [
              {
                "auto_recovery": "default"
              }
            ],
            "metadata_options": [
              {
                "http_endpoint": "enabled",
                "http_protocol_ipv6": "disabled",
                "http_put_response_hop_limit": 2,
                "http_tokens": "required",
                "instance_metadata_tags": "disabled"
              }
            ],
            "monitoring": false,
            "network_interface": [],
            "outpost_arn": "",
            "password_data": "",
            "placement_group": "",
            "placement_partition_number": 0,
            "primary_network_interface_id": "eni-0b9c28aac301f45f0",
            "private_dns": "ip-10-0-101-221.eu-west-3.compute.internal",
            "private_dns_name_options": [
              {
                "enable_resource_name_dns_a_record": false,
                "enable_resource_name_dns_aaaa_record": false,
                "hostname_type": "ip-name"
              }
            ],
            "private_ip": "10.0.101.221",
            "public_dns": "",
            "public_ip": "",
            "root_block_device": [
              {
                "delete_on_termination": true,
                "device_name": "/dev/xvda",
                "encrypted": false,
                "iops": 3000,
                "kms_key_id": "",
                "tags": {},
                "tags_all": {},
                "throughput": 125,
                "volume_id": "vol-09442fecab38ef1bd",
                "volume_size": 8,
                "volume_type": "gp3"
              }
            ],
            "secondary_private_ips": [],
            "security_groups": [],
            "source_dest_check": true,
            "spot_instance_request_id": "",
            "subnet_id": "subnet-0dab204fdba46b816",
            "tags": {
              "Name": "tp-terraform-ec2"
            },
            "tags_all": {
              "Name": "tp-terraform-ec2"
            },
            "tenancy": "default",
            "timeouts": null,
            "user_data": "38972e8cea9f183d582fd03e2b06fe426816e65f",
            "user_data_base64": null,
            "user_data_replace_on_change": false,
            "volume_tags": null,
            "vpc_security_group_ids": [
              "sg-0aaa84ba964659918"
            ]
          },
          "sensitive_attributes": [],
          "private": "eyJlMmJmYjczMC1lY2FhLTExZTYtOGY4OC0zNDM2M2JjN2M0YzAiOnsiY3JlYXRlIjo2MDAwMDAwMDAwMDAsImRlbGV0ZSI6MTIwMDAwMDAwMDAwMCwicmVhZCI6OTAwMDAwMDAwMDAwLCJ1cGRhdGUiOjYwMDAwMDAwMDAwMH0sInNjaGVtYV92ZXJzaW9uIjoiMSJ9",
          "dependencies": [
            "aws_key_pair.generated_key",
            "aws_security_group.tp-terraform-ec2-allow_tls_ssh",
            "data.aws_ami.amzn-linux-2023-ami",
            "module.vpc.aws_subnet.public",
            "module.vpc.aws_vpc.this",
            "module.vpc.aws_vpc_ipv4_cidr_block_association.this",
            "tls_private_key.this"
          ]
        }
      ]
    },
    {
      "mode": "managed",
      "type": "aws_key_pair",
      "name": "generated_key",
      "provider": "provider[\"registry.terraform.io/hashicorp/aws\"]",
      "instances": [
        {
          "schema_version": 1,
          "attributes": {
            "arn": "arn:aws:ec2:eu-west-3:195974252597:key-pair/generated-key-pair",
            "fingerprint": "c5:6e:c5:2a:53:16:1c:87:11:fe:c0:c3:49:d3:66:f5",
            "id": "generated-key-pair",
            "key_name": "generated-key-pair",
            "key_name_prefix": "",
            "key_pair_id": "key-0a0f529cf31088d61",
            "key_type": "rsa",
            "public_key": "ssh-rsa AAAAB3NzaC1yc2EAAAADAQABAAACAQDuFYremSRCO5zVvTtCy+yE6p3WZdJZu6mbgh9HB47zKSweStWRCO/NhlmEoX6Vsm9SnCaWqMskh7BKjaQgZEItVmeHtDsmAeCrVwcdHu2H/vdpqA1EiFkrXOHtfSyP1rV0OsyzwJB4NIWx1RH6dXGmBsdbaSDdPZN+d+9ywuV4hkOE4J91+tYVnlBsN/p/nDF/bRzYS+2pIIFEnBdOSu3qkbOg9E5KSt4GZH1nvgGIO25ilD3i34tYIPJwcVMzRg8pfeGEuWOymvqJAMguwtO/vOnS1gIKY9yyv3Nu5KdWGWHCVelsTaXe6cG6W2lL9NgjxDtICz+xrPXCU0cJw/cN9voZVzsto4c9gLIs4Y3NqZzdP1VeUDiJATSwGgjFC4MHh57F3aLnFNL2Qrm+SeNI/sNLyVUVw2Fs/iJ79auGaNkzaXij/nTX6bVi4q4WPizjdInwPvQooZrqhMc3xbINNpkxtqSJkBnAJKbfVLJhmpHCgrZP/+d71fBLzgO/I88QucVygvsgkIbkVhP3SZv1mttovF9o19qjn05OgZpGj6hG1ek+WHYlE9eEhSVBU5vxt6f/HeYijpE8KMyCJ8P9zaCWwcMSULTWlVsInYGVfiAgTuRp0R9oyjJIZD+IB4vkvmaftIvI5i+7PhKBxzAm02xE72apK/CDyn978BooNw==",
            "tags": null,
            "tags_all": {}
          },
          "sensitive_attributes": [],
          "private": "eyJzY2hlbWFfdmVyc2lvbiI6IjEifQ==",
          "dependencies": [
            "tls_private_key.this"
          ]
        }
      ]
    },
    {
      "mode": "managed",
      "type": "aws_security_group",
      "name": "tp-terraform-ec2-allow_tls_ssh",
      "provider": "provider[\"registry.terraform.io/hashicorp/aws\"]",
      "instances": [
        {
          "schema_version": 1,
          "attributes": {
            "arn": "arn:aws:ec2:eu-west-3:195974252597:security-group/sg-0aaa84ba964659918",
            "description": "Allow TLS inbound traffic and all outbound traffic",
            "egress": [
              {
                "cidr_blocks": [
                  "MY-IP/32"
                ],
                "description": "",
                "from_port": 0,
                "ipv6_cidr_blocks": [],
                "prefix_list_ids": [],
                "protocol": "-1",
                "security_groups": [],
                "self": false,
                "to_port": 0
              }
            ],
            "id": "sg-0aaa84ba964659918",
            "ingress": [
              {
                "cidr_blocks": [
                  "MY-IP/32"
                ],
                "description": "Allow http traffic from",
                "from_port": 80,
                "ipv6_cidr_blocks": [],
                "prefix_list_ids": [],
                "protocol": "tcp",
                "security_groups": [],
                "self": false,
                "to_port": 80
              },
              {
                "cidr_blocks": [
                  "MY-IP/32"
                ],
                "description": "Allow ssh traffic from",
                "from_port": 22,
                "ipv6_cidr_blocks": [],
                "prefix_list_ids": [],
                "protocol": "tcp",
                "security_groups": [],
                "self": false,
                "to_port": 22
              }
            ],
            "name": "allow_tls",
            "name_prefix": "",
            "owner_id": "195974252597",
            "revoke_rules_on_delete": false,
            "tags": {
              "Name": "allow_tls"
            },
            "tags_all": {
              "Name": "allow_tls"
            },
            "timeouts": null,
            "vpc_id": "vpc-0575034ac09b1e206"
          },
          "sensitive_attributes": [],
          "private": "eyJlMmJmYjczMC1lY2FhLTExZTYtOGY4OC0zNDM2M2JjN2M0YzAiOnsiY3JlYXRlIjo2MDAwMDAwMDAwMDAsImRlbGV0ZSI6OTAwMDAwMDAwMDAwfSwic2NoZW1hX3ZlcnNpb24iOiIxIn0=",
          "dependencies": [
            "module.vpc.aws_vpc.this"
          ]
        }
      ]
    },
    {
      "mode": "managed",
      "type": "local_file",
      "name": "private_key",
      "provider": "provider[\"registry.terraform.io/hashicorp/local\"]",
      "instances": [
        {
          "schema_version": 0,
          "attributes": {
            "content": "-----BEGIN RSA PRIVATE KEY-----\nMIIJKAIBAAKCAgEA7hWK3pkkQjuc1b07QsvshOqd1mXSWbupm4IfRweO8yksHkrV\nkQjvzYZZhKF+lbJvUpwmlqjLJIewSo2kIGRCLVZnh7Q7JgHgq1cHHR7th/73aagN\nRIhZK1zh7X0sj9a1dDrMs8CQeDSFsdUR+nVxpgbHW2kg3T2TfnfvcsLleIZDhOCf\ndfrWFZ5QbDf6f5wxf20c2EvtqSCBRJwXTkrt6pGzoPROSkreBmR9Z74BiDtuYpQ9\n4t+LWCDycHFTM0YPKX3hhLljspr6iQDILsLTv7zp0tYCCmPcsr9zbuSnVhlhwlXp\nbE2l3unBultpS/TYI8Q7SAs/saz1wlNHCcP3Dfb6GVc7LaOHPYCyLOGNzamc3T9V\nXlA4iQE0sBoIxQuDB4eexd2i5xTS9kK5vknjSP7DS8lVFcNhbP4ie/WrhmjZM2l4\no/501+m1YuKuFj4s43SJ8D70KKGa6oTHN8WyDTaZMbakiZAZwCSm31SyYZqRwoK2\nT//ne9XwS84DvyPPELnFcoL7IJCG5FYT90mb9ZrbaLxfaNfao59OToGaRo+oRtXp\nPlh2JRPXhIUlQVOb8ben/x3mIo6RPCjMgifD/c2glsHDElC01pVbCJ2BlX4gIE7k\nadEfaMoySGQ/iAeL5L5mn7SLyOYvuz4SgccwJtNsRO9mqSvwg8p/e/AaKDcCAwEA\nAQKCAgBPyhlxs1oS9l5/xTzUjHoWK3i9Lv+Zggp76tZnnBFczZoTBtpfEmMnelSK\n3gKJ0bR8N4e5KxV1hyHeQmzUTDVfc1scABtoh+2PDon8SO6rCphJKQBVTOqxXR38\nVNx30imaq9AJl8ny9wstR26QhQaS8Sejq25PpwDEvBYb3FRCGaEMKalXRTq1IQrr\n0bDaTnLKNTubA4tBCHs6DqPC4dqtJ6pPEUEhpciV1NywRV3HFb/POsYov+k3nkcR\nxvDuuJaBPcY0EFtosoavHnt4LGQBmKK2PXGOoNwIbaAWdHveH4CDO/6QBM/HjoiV\n12fJBGPhTLTfVqHAfmoYd4dRrwKe3oHyln+k9KuCBcUVCCrPqZcWwDfH0XKxN6ic\nDOSZYtK35lhhD2OvYl6OJgL/VWRKX6x/bLG9OcccOkriecPXbJfPJeBRCCWaJZH6\nCCFkoTwPqBonoOVPeaHrpt/J56GnyYOvYMHhBWfHhMj7TyFuCHvspODQ9XLGnyqx\nCgWnaFO81d3lZpKRpu5zo0RroLqEixPTF7GdeO3bWU8efxgyNStkyC5EjKcX9Hvo\n0qlWOJmdN89SGvc+X3uILawvzEv4YyqvLwi4z2rHmOQ2iNROvpQjtnRa1ZsyYCyb\nbK9Ogk4Wrhadbp13e7L66hqz8Oc6VWtcZvRAnFvQmsjum76kgQKCAQEA9xprUfzr\nHLu9RwtqJE+UInVBrB9nnVd6oPlI3bkXWjvxrYsvaThbIMOeyBlRdR1s9MA54sBP\nsir3vkBhv9Dvvl0vT90OoVmE9plHXCnUFpW61OIM64KRnTBVZFf0/QkKhGn4AXv9\nAlCgCj1JAWD56ARyEVBbbDrli7jDF38sCKfPz43S/hXUemoaChX/42NytR+WIacU\nG6QjSzYkALGg+DcHCmFT+J2DlO5IJlNNatKXq+6m4JkAnWOMX7VIbijmLmXmuVZk\nA0pE5zJ49xh3yfqwdaY4y3iSvPZQZjBJVhUeV35KV2elBLj2AfuR5qdaPy9FDZWT\nGkbr5SxZxKXGgQKCAQEA9qf+WKwIpv6FfwTjfST1B05k15UwuVeTQisNv7jB2JpQ\n7ZQ+lEwptPHsKggXvW/NaV/mjoa3xXVaI7dFN9lfx69hQA9xM8qiTjQYARJGNxWh\nUQjTZdlJTzHYV3k5Jr0Nr3UVypEh5SFFxI/35N8hcxZTVH4aIOFYhWybGmkqxTDb\nIVoUgH77GMNPABJsYsZYrGsWZMriizVfjnpqCUo2lBKcffG0sG0eDbHrjIaufplk\nAaiqlugA9youp8q9ud1ttZt78OeIpaSgPfr4gRXG4zUdwyGbvH6MZR5SQDJ3VrAv\ncmoDuYCLoE2c4zUqYbNtVq6oB4bnGd5zzv9w4mxCtwKCAQAKIZQq3WLKX8wn4Iju\nijC5pPMXWoZGBjMp7G6XYKJbeb+z7NP5zWy3EC4vaBJV6enwsvzslhPuayKTM1KO\nqcNam7l33clexivUbH5ngfOHJYZuegIrmcPcnQGzRoPt5/P9b9bSQMIj2ShmoxKe\nMtqsL5p5qUDGVDfbHa0qBnXIuRClItx2vHBkwHrm1PYT3ZzzXiMqqA4EABvOVp7t\nRFskMiVgwJLPy618arSclafD7HR5gSRoav2CdnVn6yfYFGczmcv251rcY6wlioU5\nJFCtAFFB0ZnchcoGY1byiaJIHD+NOMlVghNa+TZk6GqX+V6S3p5HK03Hsway87mO\nfXmBAoIBAGd4KXZBFJAZDR8vic6hhjg+ZocZCot1dUy4itf2RTr74R8IpQfIu2Yw\nZgVrx6msENs3Y5w+XzDx/ZIl+19mTIuTwpQA5lf3lQaBS+CHLfVFmZpIvYVoFRyn\nqD1pmNPrUqZb03xaTYG053OBgVf9UibZIrO7AnLwlRXDbX0yyMJXsFTZWOheXC8T\nHzzEfbshwWjysz4s7cO/7An0yC6Fd0e+Vu9uSYIJBCZykIEurlxlNFKN0qHjSSRm\nCZRRtC0X+kHIq8FvHx99Y8scUMq1u+zsB0QoARCddX+lrJNJmE5BMmYoms9iYTAp\n3rphPxolDqTiN5KQwLlVW/dlqJETIRkCggEBAJWWdc8kutFXqgNiUOLQJjJZ81MS\npMddtzH8zTx5g0cCq7u6Rmo6aer3Fx0wMD6n0XNi3CEnta2A3760iUQ+GlUl38Ir\nu3Fr2OyFA0HE8/KfVpQIxYY8w+FYrJYk8m/FdsUNVLr8M/inJvH9AQBc/medV5id\nWV4cFpDsHtkzrGZgOgrW5/pU1zMEc3/VniiRYq09isk/G4sYf8a81KSbzGubyvIS\nfOmxWzhEDFmlWn8fWUCK62f2qa5bu/z4Lbz/Kxg56ucdWUOpnctfEM/zLjF30iZA\n6jY79x67g+WJvLIHME2/eGOVNtGcKuqrmCs5riy1A7EiZBOooazOQYKBv6I=\n-----END RSA PRIVATE KEY-----\n",
            "content_base64": null,
            "content_base64sha256": "M3Oo+8ifh3LJeVcGNvrMNpofy+DwTnvR1OobWlVBPAg=",
            "content_base64sha512": "2Ajn3oxGxQ0ZmPbTnQH3XYcW3SI8ChksAQpGjMPT0z1ruM9XJeN+0hc2HtLAjtwjZeAiZvaNAJsW5FpsJ//3hQ==",
            "content_md5": "7fcce6a63a30d0b96d72fc418bb948cf",
            "content_sha1": "4544e921fb9a6e3dbda0131bf16776f4d5c88e3c",
            "content_sha256": "3373a8fbc89f8772c979570636facc369a1fcbe0f04e7bd1d4ea1b5a55413c08",
            "content_sha512": "d808e7de8c46c50d1998f6d39d01f75d8716dd223c0a192c010a468cc3d3d33d6bb8cf5725e37ed217361ed2c08edc2365e02266f68d009b16e45a6c27fff785",
            "directory_permission": "0777",
            "file_permission": "0600",
            "filename": "./tp-terraform-ipi.pem",
            "id": "4544e921fb9a6e3dbda0131bf16776f4d5c88e3c",
            "sensitive_content": null,
            "source": null
          },
          "sensitive_attributes": [
            [
              {
                "type": "get_attr",
                "value": "content"
              }
            ],
            [
              {
                "type": "get_attr",
                "value": "sensitive_content"
              }
            ]
          ],
          "dependencies": [
            "tls_private_key.this"
          ]
        }
      ]
    },
    {
      "mode": "managed",
      "type": "tls_private_key",
      "name": "this",
      "provider": "provider[\"registry.terraform.io/hashicorp/tls\"]",
      "instances": [
        {
          "schema_version": 1,
          "attributes": {
            "algorithm": "RSA",
            "ecdsa_curve": "P224",
            "id": "40f8548e1da78240e41d373c3335c14116038311",
            "private_key_openssh": "-----BEGIN OPENSSH PRIVATE KEY-----\nb3BlbnNzaC1rZXktdjEAAAAABG5vbmUAAAAEbm9uZQAAAAAAAAABAAACFwAAAAdz\nc2gtcnNhAAAAAwEAAQAAAgEA7hWK3pkkQjuc1b07QsvshOqd1mXSWbupm4IfRweO\n8yksHkrVkQjvzYZZhKF+lbJvUpwmlqjLJIewSo2kIGRCLVZnh7Q7JgHgq1cHHR7t\nh/73aagNRIhZK1zh7X0sj9a1dDrMs8CQeDSFsdUR+nVxpgbHW2kg3T2TfnfvcsLl\neIZDhOCfdfrWFZ5QbDf6f5wxf20c2EvtqSCBRJwXTkrt6pGzoPROSkreBmR9Z74B\niDtuYpQ94t+LWCDycHFTM0YPKX3hhLljspr6iQDILsLTv7zp0tYCCmPcsr9zbuSn\nVhlhwlXpbE2l3unBultpS/TYI8Q7SAs/saz1wlNHCcP3Dfb6GVc7LaOHPYCyLOGN\nzamc3T9VXlA4iQE0sBoIxQuDB4eexd2i5xTS9kK5vknjSP7DS8lVFcNhbP4ie/Wr\nhmjZM2l4o/501+m1YuKuFj4s43SJ8D70KKGa6oTHN8WyDTaZMbakiZAZwCSm31Sy\nYZqRwoK2T//ne9XwS84DvyPPELnFcoL7IJCG5FYT90mb9ZrbaLxfaNfao59OToGa\nRo+oRtXpPlh2JRPXhIUlQVOb8ben/x3mIo6RPCjMgifD/c2glsHDElC01pVbCJ2B\nlX4gIE7kadEfaMoySGQ/iAeL5L5mn7SLyOYvuz4SgccwJtNsRO9mqSvwg8p/e/Aa\nKDcAAAc4E3QTcBN0E3AAAAAHc3NoLXJzYQAAAgEA7hWK3pkkQjuc1b07QsvshOqd\n1mXSWbupm4IfRweO8yksHkrVkQjvzYZZhKF+lbJvUpwmlqjLJIewSo2kIGRCLVZn\nh7Q7JgHgq1cHHR7th/73aagNRIhZK1zh7X0sj9a1dDrMs8CQeDSFsdUR+nVxpgbH\nW2kg3T2TfnfvcsLleIZDhOCfdfrWFZ5QbDf6f5wxf20c2EvtqSCBRJwXTkrt6pGz\noPROSkreBmR9Z74BiDtuYpQ94t+LWCDycHFTM0YPKX3hhLljspr6iQDILsLTv7zp\n0tYCCmPcsr9zbuSnVhlhwlXpbE2l3unBultpS/TYI8Q7SAs/saz1wlNHCcP3Dfb6\nGVc7LaOHPYCyLOGNzamc3T9VXlA4iQE0sBoIxQuDB4eexd2i5xTS9kK5vknjSP7D\nS8lVFcNhbP4ie/WrhmjZM2l4o/501+m1YuKuFj4s43SJ8D70KKGa6oTHN8WyDTaZ\nMbakiZAZwCSm31SyYZqRwoK2T//ne9XwS84DvyPPELnFcoL7IJCG5FYT90mb9Zrb\naLxfaNfao59OToGaRo+oRtXpPlh2JRPXhIUlQVOb8ben/x3mIo6RPCjMgifD/c2g\nlsHDElC01pVbCJ2BlX4gIE7kadEfaMoySGQ/iAeL5L5mn7SLyOYvuz4SgccwJtNs\nRO9mqSvwg8p/e/AaKDcAAAADAQABAAACAE/KGXGzWhL2Xn/FPNSMehYreL0u/5mC\nCnvq1mecEVzNmhMG2l8SYyd6VIreAonRtHw3h7krFXWHId5CbNRMNV9zWxwAG2iH\n7Y8OifxI7qsKmEkpAFVM6rFdHfxU3HfSKZqr0AmXyfL3Cy1HbpCFBpLxJ6Orbk+n\nAMS8FhvcVEIZoQwpqVdFOrUhCuvRsNpOcso1O5sDi0EIezoOo8Lh2q0nqk8RQSGl\nyJXU3LBFXccVv886xii/6TeeRxHG8O64loE9xjQQW2iyhq8ee3gsZAGYorY9cY6g\n3AhtoBZ0e94fgIM7/pAEz8eOiJXXZ8kEY+FMtN9WocB+ahh3h1GvAp7egfKWf6T0\nq4IFxRUIKs+plxbAN8fRcrE3qJwM5Jli0rfmWGEPY69iXo4mAv9VZEpfrH9ssb05\nxxw6SuJ5w9dsl88l4FEIJZolkfoIIWShPA+oGieg5U95oeum38nnoafJg69gweEF\nZ8eEyPtPIW4Ie+yk4ND1csafKrEKBadoU7zV3eVmkpGm7nOjRGuguoSLE9MXsZ14\n7dtZTx5/GDI1K2TILkSMpxf0e+jSqVY4mZ03z1Ia9z5fe4gtrC/MS/hjKq8vCLjP\naseY5DaI1E6+lCO2dFrVmzJgLJtsr06CThauFp1unXd7svrqGrPw5zpVa1xm9ECc\nW9CayO6bvqSBAAABAQCVlnXPJLrRV6oDYlDi0CYyWfNTEqTHXbcx/M08eYNHAqu7\nukZqOmnq9xcdMDA+p9FzYtwhJ7WtgN++tIlEPhpVJd/CK7txa9jshQNBxPPyn1aU\nCMWGPMPhWKyWJPJvxXbFDVS6/DP4pybx/QEAXP5nnVeYnVleHBaQ7B7ZM6xmYDoK\n1uf6VNczBHN/1Z4okWKtPYrJPxuLGH/GvNSkm8xrm8ryEnzpsVs4RAxZpVp/H1lA\niutn9qmuW7v8+C28/ysYOernHVlDqZ3LXxDP8y4xd9ImQOo2O/ceu4PlibyyBzBN\nv3hjlTbRnCrqq5grOa4stQOxImQTqKGszkGCgb+iAAABAQD3GmtR/Oscu71HC2ok\nT5QidUGsH2edV3qg+UjduRdaO/Gtiy9pOFsgw57IGVF1HWz0wDniwE+yKve+QGG/\n0O++XS9P3Q6hWYT2mUdcKdQWlbrU4gzrgpGdMFVkV/T9CQqEafgBe/0CUKAKPUkB\nYPnoBHIRUFtsOuWLuMMXfywIp8/PjdL+FdR6ahoKFf/jY3K1H5YhpxQbpCNLNiQA\nsaD4NwcKYVP4nYOU7kgmU01q0per7qbgmQCdY4xftUhuKOYuZea5VmQDSkTnMnj3\nGHfJ+rB1pjjLeJK89lBmMElWFR5XfkpXZ6UEuPYB+5Hmp1o/L0UNlZMaRuvlLFnE\npcaBAAABAQD2p/5YrAim/oV/BON9JPUHTmTXlTC5V5NCKw2/uMHYmlDtlD6UTCm0\n8ewqCBe9b81pX+aOhrfFdVojt0U32V/Hr2FAD3EzyqJONBgBEkY3FaFRCNNl2UlP\nMdhXeTkmvQ2vdRXKkSHlIUXEj/fk3yFzFlNUfhog4ViFbJsaaSrFMNshWhSAfvsY\nw08AEmxixlisaxZkyuKLNV+OemoJSjaUEpx98bSwbR4NseuMhq5+mWQBqKqW6AD3\nKi6nyr253W21m3vw54ilpKA9+viBFcbjNR3DIZu8foxlHlJAMndWsC9yagO5gIug\nTZzjNSphs21WrqgHhucZ3nPO/3DibEK3AAAAAAEC\n-----END OPENSSH PRIVATE KEY-----\n",
            "private_key_pem": "-----BEGIN RSA PRIVATE KEY-----\nMIIJKAIBAAKCAgEA7hWK3pkkQjuc1b07QsvshOqd1mXSWbupm4IfRweO8yksHkrV\nkQjvzYZZhKF+lbJvUpwmlqjLJIewSo2kIGRCLVZnh7Q7JgHgq1cHHR7th/73aagN\nRIhZK1zh7X0sj9a1dDrMs8CQeDSFsdUR+nVxpgbHW2kg3T2TfnfvcsLleIZDhOCf\ndfrWFZ5QbDf6f5wxf20c2EvtqSCBRJwXTkrt6pGzoPROSkreBmR9Z74BiDtuYpQ9\n4t+LWCDycHFTM0YPKX3hhLljspr6iQDILsLTv7zp0tYCCmPcsr9zbuSnVhlhwlXp\nbE2l3unBultpS/TYI8Q7SAs/saz1wlNHCcP3Dfb6GVc7LaOHPYCyLOGNzamc3T9V\nXlA4iQE0sBoIxQuDB4eexd2i5xTS9kK5vknjSP7DS8lVFcNhbP4ie/WrhmjZM2l4\no/501+m1YuKuFj4s43SJ8D70KKGa6oTHN8WyDTaZMbakiZAZwCSm31SyYZqRwoK2\nT//ne9XwS84DvyPPELnFcoL7IJCG5FYT90mb9ZrbaLxfaNfao59OToGaRo+oRtXp\nPlh2JRPXhIUlQVOb8ben/x3mIo6RPCjMgifD/c2glsHDElC01pVbCJ2BlX4gIE7k\nadEfaMoySGQ/iAeL5L5mn7SLyOYvuz4SgccwJtNsRO9mqSvwg8p/e/AaKDcCAwEA\nAQKCAgBPyhlxs1oS9l5/xTzUjHoWK3i9Lv+Zggp76tZnnBFczZoTBtpfEmMnelSK\n3gKJ0bR8N4e5KxV1hyHeQmzUTDVfc1scABtoh+2PDon8SO6rCphJKQBVTOqxXR38\nVNx30imaq9AJl8ny9wstR26QhQaS8Sejq25PpwDEvBYb3FRCGaEMKalXRTq1IQrr\n0bDaTnLKNTubA4tBCHs6DqPC4dqtJ6pPEUEhpciV1NywRV3HFb/POsYov+k3nkcR\nxvDuuJaBPcY0EFtosoavHnt4LGQBmKK2PXGOoNwIbaAWdHveH4CDO/6QBM/HjoiV\n12fJBGPhTLTfVqHAfmoYd4dRrwKe3oHyln+k9KuCBcUVCCrPqZcWwDfH0XKxN6ic\nDOSZYtK35lhhD2OvYl6OJgL/VWRKX6x/bLG9OcccOkriecPXbJfPJeBRCCWaJZH6\nCCFkoTwPqBonoOVPeaHrpt/J56GnyYOvYMHhBWfHhMj7TyFuCHvspODQ9XLGnyqx\nCgWnaFO81d3lZpKRpu5zo0RroLqEixPTF7GdeO3bWU8efxgyNStkyC5EjKcX9Hvo\n0qlWOJmdN89SGvc+X3uILawvzEv4YyqvLwi4z2rHmOQ2iNROvpQjtnRa1ZsyYCyb\nbK9Ogk4Wrhadbp13e7L66hqz8Oc6VWtcZvRAnFvQmsjum76kgQKCAQEA9xprUfzr\nHLu9RwtqJE+UInVBrB9nnVd6oPlI3bkXWjvxrYsvaThbIMOeyBlRdR1s9MA54sBP\nsir3vkBhv9Dvvl0vT90OoVmE9plHXCnUFpW61OIM64KRnTBVZFf0/QkKhGn4AXv9\nAlCgCj1JAWD56ARyEVBbbDrli7jDF38sCKfPz43S/hXUemoaChX/42NytR+WIacU\nG6QjSzYkALGg+DcHCmFT+J2DlO5IJlNNatKXq+6m4JkAnWOMX7VIbijmLmXmuVZk\nA0pE5zJ49xh3yfqwdaY4y3iSvPZQZjBJVhUeV35KV2elBLj2AfuR5qdaPy9FDZWT\nGkbr5SxZxKXGgQKCAQEA9qf+WKwIpv6FfwTjfST1B05k15UwuVeTQisNv7jB2JpQ\n7ZQ+lEwptPHsKggXvW/NaV/mjoa3xXVaI7dFN9lfx69hQA9xM8qiTjQYARJGNxWh\nUQjTZdlJTzHYV3k5Jr0Nr3UVypEh5SFFxI/35N8hcxZTVH4aIOFYhWybGmkqxTDb\nIVoUgH77GMNPABJsYsZYrGsWZMriizVfjnpqCUo2lBKcffG0sG0eDbHrjIaufplk\nAaiqlugA9youp8q9ud1ttZt78OeIpaSgPfr4gRXG4zUdwyGbvH6MZR5SQDJ3VrAv\ncmoDuYCLoE2c4zUqYbNtVq6oB4bnGd5zzv9w4mxCtwKCAQAKIZQq3WLKX8wn4Iju\nijC5pPMXWoZGBjMp7G6XYKJbeb+z7NP5zWy3EC4vaBJV6enwsvzslhPuayKTM1KO\nqcNam7l33clexivUbH5ngfOHJYZuegIrmcPcnQGzRoPt5/P9b9bSQMIj2ShmoxKe\nMtqsL5p5qUDGVDfbHa0qBnXIuRClItx2vHBkwHrm1PYT3ZzzXiMqqA4EABvOVp7t\nRFskMiVgwJLPy618arSclafD7HR5gSRoav2CdnVn6yfYFGczmcv251rcY6wlioU5\nJFCtAFFB0ZnchcoGY1byiaJIHD+NOMlVghNa+TZk6GqX+V6S3p5HK03Hsway87mO\nfXmBAoIBAGd4KXZBFJAZDR8vic6hhjg+ZocZCot1dUy4itf2RTr74R8IpQfIu2Yw\nZgVrx6msENs3Y5w+XzDx/ZIl+19mTIuTwpQA5lf3lQaBS+CHLfVFmZpIvYVoFRyn\nqD1pmNPrUqZb03xaTYG053OBgVf9UibZIrO7AnLwlRXDbX0yyMJXsFTZWOheXC8T\nHzzEfbshwWjysz4s7cO/7An0yC6Fd0e+Vu9uSYIJBCZykIEurlxlNFKN0qHjSSRm\nCZRRtC0X+kHIq8FvHx99Y8scUMq1u+zsB0QoARCddX+lrJNJmE5BMmYoms9iYTAp\n3rphPxolDqTiN5KQwLlVW/dlqJETIRkCggEBAJWWdc8kutFXqgNiUOLQJjJZ81MS\npMddtzH8zTx5g0cCq7u6Rmo6aer3Fx0wMD6n0XNi3CEnta2A3760iUQ+GlUl38Ir\nu3Fr2OyFA0HE8/KfVpQIxYY8w+FYrJYk8m/FdsUNVLr8M/inJvH9AQBc/medV5id\nWV4cFpDsHtkzrGZgOgrW5/pU1zMEc3/VniiRYq09isk/G4sYf8a81KSbzGubyvIS\nfOmxWzhEDFmlWn8fWUCK62f2qa5bu/z4Lbz/Kxg56ucdWUOpnctfEM/zLjF30iZA\n6jY79x67g+WJvLIHME2/eGOVNtGcKuqrmCs5riy1A7EiZBOooazOQYKBv6I=\n-----END RSA PRIVATE KEY-----\n",
            "private_key_pem_pkcs8": "-----BEGIN PRIVATE KEY-----\nMIIJQgIBADANBgkqhkiG9w0BAQEFAASCCSwwggkoAgEAAoICAQDuFYremSRCO5zV\nvTtCy+yE6p3WZdJZu6mbgh9HB47zKSweStWRCO/NhlmEoX6Vsm9SnCaWqMskh7BK\njaQgZEItVmeHtDsmAeCrVwcdHu2H/vdpqA1EiFkrXOHtfSyP1rV0OsyzwJB4NIWx\n1RH6dXGmBsdbaSDdPZN+d+9ywuV4hkOE4J91+tYVnlBsN/p/nDF/bRzYS+2pIIFE\nnBdOSu3qkbOg9E5KSt4GZH1nvgGIO25ilD3i34tYIPJwcVMzRg8pfeGEuWOymvqJ\nAMguwtO/vOnS1gIKY9yyv3Nu5KdWGWHCVelsTaXe6cG6W2lL9NgjxDtICz+xrPXC\nU0cJw/cN9voZVzsto4c9gLIs4Y3NqZzdP1VeUDiJATSwGgjFC4MHh57F3aLnFNL2\nQrm+SeNI/sNLyVUVw2Fs/iJ79auGaNkzaXij/nTX6bVi4q4WPizjdInwPvQooZrq\nhMc3xbINNpkxtqSJkBnAJKbfVLJhmpHCgrZP/+d71fBLzgO/I88QucVygvsgkIbk\nVhP3SZv1mttovF9o19qjn05OgZpGj6hG1ek+WHYlE9eEhSVBU5vxt6f/HeYijpE8\nKMyCJ8P9zaCWwcMSULTWlVsInYGVfiAgTuRp0R9oyjJIZD+IB4vkvmaftIvI5i+7\nPhKBxzAm02xE72apK/CDyn978BooNwIDAQABAoICAE/KGXGzWhL2Xn/FPNSMehYr\neL0u/5mCCnvq1mecEVzNmhMG2l8SYyd6VIreAonRtHw3h7krFXWHId5CbNRMNV9z\nWxwAG2iH7Y8OifxI7qsKmEkpAFVM6rFdHfxU3HfSKZqr0AmXyfL3Cy1HbpCFBpLx\nJ6Orbk+nAMS8FhvcVEIZoQwpqVdFOrUhCuvRsNpOcso1O5sDi0EIezoOo8Lh2q0n\nqk8RQSGlyJXU3LBFXccVv886xii/6TeeRxHG8O64loE9xjQQW2iyhq8ee3gsZAGY\norY9cY6g3AhtoBZ0e94fgIM7/pAEz8eOiJXXZ8kEY+FMtN9WocB+ahh3h1GvAp7e\ngfKWf6T0q4IFxRUIKs+plxbAN8fRcrE3qJwM5Jli0rfmWGEPY69iXo4mAv9VZEpf\nrH9ssb05xxw6SuJ5w9dsl88l4FEIJZolkfoIIWShPA+oGieg5U95oeum38nnoafJ\ng69gweEFZ8eEyPtPIW4Ie+yk4ND1csafKrEKBadoU7zV3eVmkpGm7nOjRGuguoSL\nE9MXsZ147dtZTx5/GDI1K2TILkSMpxf0e+jSqVY4mZ03z1Ia9z5fe4gtrC/MS/hj\nKq8vCLjPaseY5DaI1E6+lCO2dFrVmzJgLJtsr06CThauFp1unXd7svrqGrPw5zpV\na1xm9ECcW9CayO6bvqSBAoIBAQD3GmtR/Oscu71HC2okT5QidUGsH2edV3qg+Ujd\nuRdaO/Gtiy9pOFsgw57IGVF1HWz0wDniwE+yKve+QGG/0O++XS9P3Q6hWYT2mUdc\nKdQWlbrU4gzrgpGdMFVkV/T9CQqEafgBe/0CUKAKPUkBYPnoBHIRUFtsOuWLuMMX\nfywIp8/PjdL+FdR6ahoKFf/jY3K1H5YhpxQbpCNLNiQAsaD4NwcKYVP4nYOU7kgm\nU01q0per7qbgmQCdY4xftUhuKOYuZea5VmQDSkTnMnj3GHfJ+rB1pjjLeJK89lBm\nMElWFR5XfkpXZ6UEuPYB+5Hmp1o/L0UNlZMaRuvlLFnEpcaBAoIBAQD2p/5YrAim\n/oV/BON9JPUHTmTXlTC5V5NCKw2/uMHYmlDtlD6UTCm08ewqCBe9b81pX+aOhrfF\ndVojt0U32V/Hr2FAD3EzyqJONBgBEkY3FaFRCNNl2UlPMdhXeTkmvQ2vdRXKkSHl\nIUXEj/fk3yFzFlNUfhog4ViFbJsaaSrFMNshWhSAfvsYw08AEmxixlisaxZkyuKL\nNV+OemoJSjaUEpx98bSwbR4NseuMhq5+mWQBqKqW6AD3Ki6nyr253W21m3vw54il\npKA9+viBFcbjNR3DIZu8foxlHlJAMndWsC9yagO5gIugTZzjNSphs21WrqgHhucZ\n3nPO/3DibEK3AoIBAAohlCrdYspfzCfgiO6KMLmk8xdahkYGMynsbpdgolt5v7Ps\n0/nNbLcQLi9oElXp6fCy/OyWE+5rIpMzUo6pw1qbuXfdyV7GK9RsfmeB84clhm56\nAiuZw9ydAbNGg+3n8/1v1tJAwiPZKGajEp4y2qwvmnmpQMZUN9sdrSoGdci5EKUi\n3Ha8cGTAeubU9hPdnPNeIyqoDgQAG85Wnu1EWyQyJWDAks/LrXxqtJyVp8PsdHmB\nJGhq/YJ2dWfrJ9gUZzOZy/bnWtxjrCWKhTkkUK0AUUHRmdyFygZjVvKJokgcP404\nyVWCE1r5NmToapf5XpLenkcrTcezBrLzuY59eYECggEAZ3gpdkEUkBkNHy+JzqGG\nOD5mhxkKi3V1TLiK1/ZFOvvhHwilB8i7ZjBmBWvHqawQ2zdjnD5fMPH9kiX7X2ZM\ni5PClADmV/eVBoFL4Ict9UWZmki9hWgVHKeoPWmY0+tSplvTfFpNgbTnc4GBV/1S\nJtkis7sCcvCVFcNtfTLIwlewVNlY6F5cLxMfPMR9uyHBaPKzPiztw7/sCfTILoV3\nR75W725JggkEJnKQgS6uXGU0Uo3SoeNJJGYJlFG0LRf6QcirwW8fH31jyxxQyrW7\n7OwHRCgBEJ11f6Wsk0mYTkEyZiiaz2JhMCneumE/GiUOpOI3kpDAuVVb92WokRMh\nGQKCAQEAlZZ1zyS60VeqA2JQ4tAmMlnzUxKkx123MfzNPHmDRwKru7pGajpp6vcX\nHTAwPqfRc2LcISe1rYDfvrSJRD4aVSXfwiu7cWvY7IUDQcTz8p9WlAjFhjzD4Vis\nliTyb8V2xQ1Uuvwz+Kcm8f0BAFz+Z51XmJ1ZXhwWkOwe2TOsZmA6Ctbn+lTXMwRz\nf9WeKJFirT2KyT8bixh/xrzUpJvMa5vK8hJ86bFbOEQMWaVafx9ZQIrrZ/aprlu7\n/PgtvP8rGDnq5x1ZQ6mdy18Qz/MuMXfSJkDqNjv3HruD5Ym8sgcwTb94Y5U20Zwq\n6quYKzmuLLUDsSJkE6ihrM5BgoG/og==\n-----END PRIVATE KEY-----\n",
            "public_key_fingerprint_md5": "25:3a:2b:bf:cf:f9:f6:85:76:ce:2e:8e:9e:44:58:ab",
            "public_key_fingerprint_sha256": "SHA256:2h1kNiVhsXr6LC8EhpXC67X+HPivF5Fhnu3l2PeOW4I",
            "public_key_openssh": "ssh-rsa AAAAB3NzaC1yc2EAAAADAQABAAACAQDuFYremSRCO5zVvTtCy+yE6p3WZdJZu6mbgh9HB47zKSweStWRCO/NhlmEoX6Vsm9SnCaWqMskh7BKjaQgZEItVmeHtDsmAeCrVwcdHu2H/vdpqA1EiFkrXOHtfSyP1rV0OsyzwJB4NIWx1RH6dXGmBsdbaSDdPZN+d+9ywuV4hkOE4J91+tYVnlBsN/p/nDF/bRzYS+2pIIFEnBdOSu3qkbOg9E5KSt4GZH1nvgGIO25ilD3i34tYIPJwcVMzRg8pfeGEuWOymvqJAMguwtO/vOnS1gIKY9yyv3Nu5KdWGWHCVelsTaXe6cG6W2lL9NgjxDtICz+xrPXCU0cJw/cN9voZVzsto4c9gLIs4Y3NqZzdP1VeUDiJATSwGgjFC4MHh57F3aLnFNL2Qrm+SeNI/sNLyVUVw2Fs/iJ79auGaNkzaXij/nTX6bVi4q4WPizjdInwPvQooZrqhMc3xbINNpkxtqSJkBnAJKbfVLJhmpHCgrZP/+d71fBLzgO/I88QucVygvsgkIbkVhP3SZv1mttovF9o19qjn05OgZpGj6hG1ek+WHYlE9eEhSVBU5vxt6f/HeYijpE8KMyCJ8P9zaCWwcMSULTWlVsInYGVfiAgTuRp0R9oyjJIZD+IB4vkvmaftIvI5i+7PhKBxzAm02xE72apK/CDyn978BooNw==\n",
            "public_key_pem": "-----BEGIN PUBLIC KEY-----\nMIICIjANBgkqhkiG9w0BAQEFAAOCAg8AMIICCgKCAgEA7hWK3pkkQjuc1b07Qsvs\nhOqd1mXSWbupm4IfRweO8yksHkrVkQjvzYZZhKF+lbJvUpwmlqjLJIewSo2kIGRC\nLVZnh7Q7JgHgq1cHHR7th/73aagNRIhZK1zh7X0sj9a1dDrMs8CQeDSFsdUR+nVx\npgbHW2kg3T2TfnfvcsLleIZDhOCfdfrWFZ5QbDf6f5wxf20c2EvtqSCBRJwXTkrt\n6pGzoPROSkreBmR9Z74BiDtuYpQ94t+LWCDycHFTM0YPKX3hhLljspr6iQDILsLT\nv7zp0tYCCmPcsr9zbuSnVhlhwlXpbE2l3unBultpS/TYI8Q7SAs/saz1wlNHCcP3\nDfb6GVc7LaOHPYCyLOGNzamc3T9VXlA4iQE0sBoIxQuDB4eexd2i5xTS9kK5vknj\nSP7DS8lVFcNhbP4ie/WrhmjZM2l4o/501+m1YuKuFj4s43SJ8D70KKGa6oTHN8Wy\nDTaZMbakiZAZwCSm31SyYZqRwoK2T//ne9XwS84DvyPPELnFcoL7IJCG5FYT90mb\n9ZrbaLxfaNfao59OToGaRo+oRtXpPlh2JRPXhIUlQVOb8ben/x3mIo6RPCjMgifD\n/c2glsHDElC01pVbCJ2BlX4gIE7kadEfaMoySGQ/iAeL5L5mn7SLyOYvuz4Sgccw\nJtNsRO9mqSvwg8p/e/AaKDcCAwEAAQ==\n-----END PUBLIC KEY-----\n",
            "rsa_bits": 4096
          },
          "sensitive_attributes": [
            [
              {
                "type": "get_attr",
                "value": "private_key_pem"
              }
            ],
            [
              {
                "type": "get_attr",
                "value": "private_key_pem_pkcs8"
              }
            ],
            [
              {
                "type": "get_attr",
                "value": "private_key_openssh"
              }
            ]
          ]
        }
      ]
    },
    {
      "module": "module.vpc",
      "mode": "managed",
      "type": "aws_default_network_acl",
      "name": "this",
      "provider": "provider[\"registry.terraform.io/hashicorp/aws\"]",
      "instances": [
        {
          "index_key": 0,
          "schema_version": 0,
          "attributes": {
            "arn": "arn:aws:ec2:eu-west-3:195974252597:network-acl/acl-0a8eb282a0146deaf",
            "default_network_acl_id": "acl-0a8eb282a0146deaf",
            "egress": [
              {
                "action": "allow",
                "cidr_block": "",
                "from_port": 0,
                "icmp_code": null,
                "icmp_type": null,
                "ipv6_cidr_block": "::/0",
                "protocol": "-1",
                "rule_no": 101,
                "to_port": 0
              },
              {
                "action": "allow",
                "cidr_block": "0.0.0.0/0",
                "from_port": 0,
                "icmp_code": null,
                "icmp_type": null,
                "ipv6_cidr_block": "",
                "protocol": "-1",
                "rule_no": 100,
                "to_port": 0
              }
            ],
            "id": "acl-0a8eb282a0146deaf",
            "ingress": [
              {
                "action": "allow",
                "cidr_block": "",
                "from_port": 0,
                "icmp_code": null,
                "icmp_type": null,
                "ipv6_cidr_block": "::/0",
                "protocol": "-1",
                "rule_no": 101,
                "to_port": 0
              },
              {
                "action": "allow",
                "cidr_block": "0.0.0.0/0",
                "from_port": 0,
                "icmp_code": null,
                "icmp_type": null,
                "ipv6_cidr_block": "",
                "protocol": "-1",
                "rule_no": 100,
                "to_port": 0
              }
            ],
            "owner_id": "195974252597",
            "subnet_ids": [
              "subnet-0dab204fdba46b816",
              "subnet-0e6e7c67511ea583d"
            ],
            "tags": {
              "Environment": "dev",
              "Name": "tp-ipi-terraform-ec2-default",
              "Terraform": "true"
            },
            "tags_all": {
              "Environment": "dev",
              "Name": "tp-ipi-terraform-ec2-default",
              "Terraform": "true"
            },
            "vpc_id": "vpc-0575034ac09b1e206"
          },
          "sensitive_attributes": [],
          "private": "bnVsbA==",
          "dependencies": [
            "module.vpc.aws_vpc.this"
          ]
        }
      ]
    },
    {
      "module": "module.vpc",
      "mode": "managed",
      "type": "aws_default_route_table",
      "name": "default",
      "provider": "provider[\"registry.terraform.io/hashicorp/aws\"]",
      "instances": [
        {
          "index_key": 0,
          "schema_version": 0,
          "attributes": {
            "arn": "arn:aws:ec2:eu-west-3:195974252597:route-table/rtb-00de1837aec43509e",
            "default_route_table_id": "rtb-00de1837aec43509e",
            "id": "rtb-00de1837aec43509e",
            "owner_id": "195974252597",
            "propagating_vgws": null,
            "route": [],
            "tags": {
              "Environment": "dev",
              "Name": "tp-ipi-terraform-ec2-default",
              "Terraform": "true"
            },
            "tags_all": {
              "Environment": "dev",
              "Name": "tp-ipi-terraform-ec2-default",
              "Terraform": "true"
            },
            "timeouts": {
              "create": "5m",
              "update": "5m"
            },
            "vpc_id": "vpc-0575034ac09b1e206"
          },
          "sensitive_attributes": [],
          "private": "eyJlMmJmYjczMC1lY2FhLTExZTYtOGY4OC0zNDM2M2JjN2M0YzAiOnsiY3JlYXRlIjozMDAwMDAwMDAwMDAsInVwZGF0ZSI6MzAwMDAwMDAwMDAwfX0=",
          "dependencies": [
            "module.vpc.aws_vpc.this"
          ]
        }
      ]
    },
    {
      "module": "module.vpc",
      "mode": "managed",
      "type": "aws_default_security_group",
      "name": "this",
      "provider": "provider[\"registry.terraform.io/hashicorp/aws\"]",
      "instances": [
        {
          "index_key": 0,
          "schema_version": 1,
          "attributes": {
            "arn": "arn:aws:ec2:eu-west-3:195974252597:security-group/sg-06201073c94623c2a",
            "description": "default VPC security group",
            "egress": [],
            "id": "sg-06201073c94623c2a",
            "ingress": [],
            "name": "default",
            "name_prefix": "",
            "owner_id": "195974252597",
            "revoke_rules_on_delete": false,
            "tags": {
              "Environment": "dev",
              "Name": "tp-ipi-terraform-ec2-default",
              "Terraform": "true"
            },
            "tags_all": {
              "Environment": "dev",
              "Name": "tp-ipi-terraform-ec2-default",
              "Terraform": "true"
            },
            "vpc_id": "vpc-0575034ac09b1e206"
          },
          "sensitive_attributes": [],
          "private": "eyJzY2hlbWFfdmVyc2lvbiI6IjEifQ==",
          "dependencies": [
            "module.vpc.aws_vpc.this"
          ]
        }
      ]
    },
    {
      "module": "module.vpc",
      "mode": "managed",
      "type": "aws_internet_gateway",
      "name": "this",
      "provider": "provider[\"registry.terraform.io/hashicorp/aws\"]",
      "instances": [
        {
          "index_key": 0,
          "schema_version": 0,
          "attributes": {
            "arn": "arn:aws:ec2:eu-west-3:195974252597:internet-gateway/igw-0d37098e7abede1f0",
            "id": "igw-0d37098e7abede1f0",
            "owner_id": "195974252597",
            "tags": {
              "Environment": "dev",
              "Name": "tp-ipi-terraform-ec2",
              "Terraform": "true"
            },
            "tags_all": {
              "Environment": "dev",
              "Name": "tp-ipi-terraform-ec2",
              "Terraform": "true"
            },
            "timeouts": null,
            "vpc_id": "vpc-0575034ac09b1e206"
          },
          "sensitive_attributes": [],
          "private": "eyJlMmJmYjczMC1lY2FhLTExZTYtOGY4OC0zNDM2M2JjN2M0YzAiOnsiY3JlYXRlIjoxMjAwMDAwMDAwMDAwLCJkZWxldGUiOjEyMDAwMDAwMDAwMDAsInVwZGF0ZSI6MTIwMDAwMDAwMDAwMH19",
          "dependencies": [
            "module.vpc.aws_vpc.this",
            "module.vpc.aws_vpc_ipv4_cidr_block_association.this"
          ]
        }
      ]
    },
    {
      "module": "module.vpc",
      "mode": "managed",
      "type": "aws_route",
      "name": "public_internet_gateway",
      "provider": "provider[\"registry.terraform.io/hashicorp/aws\"]",
      "instances": [
        {
          "index_key": 0,
          "schema_version": 0,
          "attributes": {
            "carrier_gateway_id": "",
            "core_network_arn": "",
            "destination_cidr_block": "0.0.0.0/0",
            "destination_ipv6_cidr_block": "",
            "destination_prefix_list_id": "",
            "egress_only_gateway_id": "",
            "gateway_id": "igw-0d37098e7abede1f0",
            "id": "r-rtb-0fbfc9834145c301b1080289494",
            "instance_id": "",
            "instance_owner_id": "",
            "local_gateway_id": "",
            "nat_gateway_id": "",
            "network_interface_id": "",
            "origin": "CreateRoute",
            "route_table_id": "rtb-0fbfc9834145c301b",
            "state": "active",
            "timeouts": {
              "create": "5m",
              "delete": null,
              "update": null
            },
            "transit_gateway_id": "",
            "vpc_endpoint_id": "",
            "vpc_peering_connection_id": ""
          },
          "sensitive_attributes": [],
          "private": "eyJlMmJmYjczMC1lY2FhLTExZTYtOGY4OC0zNDM2M2JjN2M0YzAiOnsiY3JlYXRlIjozMDAwMDAwMDAwMDAsImRlbGV0ZSI6MzAwMDAwMDAwMDAwLCJ1cGRhdGUiOjEyMDAwMDAwMDAwMH19",
          "dependencies": [
            "module.vpc.aws_internet_gateway.this",
            "module.vpc.aws_route_table.public",
            "module.vpc.aws_vpc.this",
            "module.vpc.aws_vpc_ipv4_cidr_block_association.this"
          ]
        }
      ]
    },
    {
      "module": "module.vpc",
      "mode": "managed",
      "type": "aws_route_table",
      "name": "private",
      "provider": "provider[\"registry.terraform.io/hashicorp/aws\"]",
      "instances": [
        {
          "index_key": 0,
          "schema_version": 0,
          "attributes": {
            "arn": "arn:aws:ec2:eu-west-3:195974252597:route-table/rtb-01105f9ae679d39e4",
            "id": "rtb-01105f9ae679d39e4",
            "owner_id": "195974252597",
            "propagating_vgws": [],
            "route": [],
            "tags": {
              "Environment": "dev",
              "Name": "tp-ipi-terraform-ec2-private-eu-west-3a",
              "Terraform": "true"
            },
            "tags_all": {
              "Environment": "dev",
              "Name": "tp-ipi-terraform-ec2-private-eu-west-3a",
              "Terraform": "true"
            },
            "timeouts": null,
            "vpc_id": "vpc-0575034ac09b1e206"
          },
          "sensitive_attributes": [],
          "private": "eyJlMmJmYjczMC1lY2FhLTExZTYtOGY4OC0zNDM2M2JjN2M0YzAiOnsiY3JlYXRlIjozMDAwMDAwMDAwMDAsImRlbGV0ZSI6MzAwMDAwMDAwMDAwLCJ1cGRhdGUiOjEyMDAwMDAwMDAwMH19",
          "dependencies": [
            "module.vpc.aws_vpc.this",
            "module.vpc.aws_vpc_ipv4_cidr_block_association.this"
          ]
        }
      ]
    },
    {
      "module": "module.vpc",
      "mode": "managed",
      "type": "aws_route_table",
      "name": "public",
      "provider": "provider[\"registry.terraform.io/hashicorp/aws\"]",
      "instances": [
        {
          "index_key": 0,
          "schema_version": 0,
          "attributes": {
            "arn": "arn:aws:ec2:eu-west-3:195974252597:route-table/rtb-0fbfc9834145c301b",
            "id": "rtb-0fbfc9834145c301b",
            "owner_id": "195974252597",
            "propagating_vgws": [],
            "route": [],
            "tags": {
              "Environment": "dev",
              "Name": "tp-ipi-terraform-ec2-public",
              "Terraform": "true"
            },
            "tags_all": {
              "Environment": "dev",
              "Name": "tp-ipi-terraform-ec2-public",
              "Terraform": "true"
            },
            "timeouts": null,
            "vpc_id": "vpc-0575034ac09b1e206"
          },
          "sensitive_attributes": [],
          "private": "eyJlMmJmYjczMC1lY2FhLTExZTYtOGY4OC0zNDM2M2JjN2M0YzAiOnsiY3JlYXRlIjozMDAwMDAwMDAwMDAsImRlbGV0ZSI6MzAwMDAwMDAwMDAwLCJ1cGRhdGUiOjEyMDAwMDAwMDAwMH19",
          "dependencies": [
            "module.vpc.aws_vpc.this",
            "module.vpc.aws_vpc_ipv4_cidr_block_association.this"
          ]
        }
      ]
    },
    {
      "module": "module.vpc",
      "mode": "managed",
      "type": "aws_route_table_association",
      "name": "private",
      "provider": "provider[\"registry.terraform.io/hashicorp/aws\"]",
      "instances": [
        {
          "index_key": 0,
          "schema_version": 0,
          "attributes": {
            "gateway_id": "",
            "id": "rtbassoc-054531c31ff7e7640",
            "route_table_id": "rtb-01105f9ae679d39e4",
            "subnet_id": "subnet-0e6e7c67511ea583d",
            "timeouts": null
          },
          "sensitive_attributes": [],
          "private": "eyJlMmJmYjczMC1lY2FhLTExZTYtOGY4OC0zNDM2M2JjN2M0YzAiOnsiY3JlYXRlIjozMDAwMDAwMDAwMDAsImRlbGV0ZSI6MzAwMDAwMDAwMDAwLCJ1cGRhdGUiOjEyMDAwMDAwMDAwMH19",
          "dependencies": [
            "module.vpc.aws_route_table.private",
            "module.vpc.aws_subnet.private",
            "module.vpc.aws_vpc.this",
            "module.vpc.aws_vpc_ipv4_cidr_block_association.this"
          ]
        }
      ]
    },
    {
      "module": "module.vpc",
      "mode": "managed",
      "type": "aws_route_table_association",
      "name": "public",
      "provider": "provider[\"registry.terraform.io/hashicorp/aws\"]",
      "instances": [
        {
          "index_key": 0,
          "schema_version": 0,
          "attributes": {
            "gateway_id": "",
            "id": "rtbassoc-0e6500af9d647d4c9",
            "route_table_id": "rtb-0fbfc9834145c301b",
            "subnet_id": "subnet-0dab204fdba46b816",
            "timeouts": null
          },
          "sensitive_attributes": [],
          "private": "eyJlMmJmYjczMC1lY2FhLTExZTYtOGY4OC0zNDM2M2JjN2M0YzAiOnsiY3JlYXRlIjozMDAwMDAwMDAwMDAsImRlbGV0ZSI6MzAwMDAwMDAwMDAwLCJ1cGRhdGUiOjEyMDAwMDAwMDAwMH19",
          "dependencies": [
            "module.vpc.aws_route_table.public",
            "module.vpc.aws_subnet.public",
            "module.vpc.aws_vpc.this",
            "module.vpc.aws_vpc_ipv4_cidr_block_association.this"
          ]
        }
      ]
    },
    {
      "module": "module.vpc",
      "mode": "managed",
      "type": "aws_subnet",
      "name": "private",
      "provider": "provider[\"registry.terraform.io/hashicorp/aws\"]",
      "instances": [
        {
          "index_key": 0,
          "schema_version": 1,
          "attributes": {
            "arn": "arn:aws:ec2:eu-west-3:195974252597:subnet/subnet-0e6e7c67511ea583d",
            "assign_ipv6_address_on_creation": false,
            "availability_zone": "eu-west-3a",
            "availability_zone_id": "euw3-az1",
            "cidr_block": "10.0.1.0/24",
            "customer_owned_ipv4_pool": "",
            "enable_dns64": false,
            "enable_lni_at_device_index": 0,
            "enable_resource_name_dns_a_record_on_launch": false,
            "enable_resource_name_dns_aaaa_record_on_launch": false,
            "id": "subnet-0e6e7c67511ea583d",
            "ipv6_cidr_block": "",
            "ipv6_cidr_block_association_id": "",
            "ipv6_native": false,
            "map_customer_owned_ip_on_launch": false,
            "map_public_ip_on_launch": false,
            "outpost_arn": "",
            "owner_id": "195974252597",
            "private_dns_hostname_type_on_launch": "ip-name",
            "tags": {
              "Environment": "dev",
              "Name": "tp-ipi-terraform-ec2-private-eu-west-3a",
              "Terraform": "true"
            },
            "tags_all": {
              "Environment": "dev",
              "Name": "tp-ipi-terraform-ec2-private-eu-west-3a",
              "Terraform": "true"
            },
            "timeouts": null,
            "vpc_id": "vpc-0575034ac09b1e206"
          },
          "sensitive_attributes": [],
          "private": "eyJlMmJmYjczMC1lY2FhLTExZTYtOGY4OC0zNDM2M2JjN2M0YzAiOnsiY3JlYXRlIjo2MDAwMDAwMDAwMDAsImRlbGV0ZSI6MTIwMDAwMDAwMDAwMH0sInNjaGVtYV92ZXJzaW9uIjoiMSJ9",
          "dependencies": [
            "module.vpc.aws_vpc.this",
            "module.vpc.aws_vpc_ipv4_cidr_block_association.this"
          ]
        }
      ]
    },
    {
      "module": "module.vpc",
      "mode": "managed",
      "type": "aws_subnet",
      "name": "public",
      "provider": "provider[\"registry.terraform.io/hashicorp/aws\"]",
      "instances": [
        {
          "index_key": 0,
          "schema_version": 1,
          "attributes": {
            "arn": "arn:aws:ec2:eu-west-3:195974252597:subnet/subnet-0dab204fdba46b816",
            "assign_ipv6_address_on_creation": false,
            "availability_zone": "eu-west-3a",
            "availability_zone_id": "euw3-az1",
            "cidr_block": "10.0.101.0/24",
            "customer_owned_ipv4_pool": "",
            "enable_dns64": false,
            "enable_lni_at_device_index": 0,
            "enable_resource_name_dns_a_record_on_launch": false,
            "enable_resource_name_dns_aaaa_record_on_launch": false,
            "id": "subnet-0dab204fdba46b816",
            "ipv6_cidr_block": "",
            "ipv6_cidr_block_association_id": "",
            "ipv6_native": false,
            "map_customer_owned_ip_on_launch": false,
            "map_public_ip_on_launch": false,
            "outpost_arn": "",
            "owner_id": "195974252597",
            "private_dns_hostname_type_on_launch": "ip-name",
            "tags": {
              "Environment": "dev",
              "Name": "tp-ipi-terraform-ec2-public-eu-west-3a",
              "Terraform": "true"
            },
            "tags_all": {
              "Environment": "dev",
              "Name": "tp-ipi-terraform-ec2-public-eu-west-3a",
              "Terraform": "true"
            },
            "timeouts": null,
            "vpc_id": "vpc-0575034ac09b1e206"
          },
          "sensitive_attributes": [],
          "private": "eyJlMmJmYjczMC1lY2FhLTExZTYtOGY4OC0zNDM2M2JjN2M0YzAiOnsiY3JlYXRlIjo2MDAwMDAwMDAwMDAsImRlbGV0ZSI6MTIwMDAwMDAwMDAwMH0sInNjaGVtYV92ZXJzaW9uIjoiMSJ9",
          "dependencies": [
            "module.vpc.aws_vpc.this",
            "module.vpc.aws_vpc_ipv4_cidr_block_association.this"
          ]
        }
      ]
    },
    {
      "module": "module.vpc",
      "mode": "managed",
      "type": "aws_vpc",
      "name": "this",
      "provider": "provider[\"registry.terraform.io/hashicorp/aws\"]",
      "instances": [
        {
          "index_key": 0,
          "schema_version": 1,
          "attributes": {
            "arn": "arn:aws:ec2:eu-west-3:195974252597:vpc/vpc-0575034ac09b1e206",
            "assign_generated_ipv6_cidr_block": false,
            "cidr_block": "10.0.0.0/16",
            "default_network_acl_id": "acl-0a8eb282a0146deaf",
            "default_route_table_id": "rtb-00de1837aec43509e",
            "default_security_group_id": "sg-06201073c94623c2a",
            "dhcp_options_id": "dopt-0e635567",
            "enable_dns_hostnames": true,
            "enable_dns_support": true,
            "enable_network_address_usage_metrics": false,
            "id": "vpc-0575034ac09b1e206",
            "instance_tenancy": "default",
            "ipv4_ipam_pool_id": null,
            "ipv4_netmask_length": null,
            "ipv6_association_id": "",
            "ipv6_cidr_block": "",
            "ipv6_cidr_block_network_border_group": "",
            "ipv6_ipam_pool_id": "",
            "ipv6_netmask_length": 0,
            "main_route_table_id": "rtb-00de1837aec43509e",
            "owner_id": "195974252597",
            "tags": {
              "Environment": "dev",
              "Name": "tp-ipi-terraform-ec2",
              "Terraform": "true"
            },
            "tags_all": {
              "Environment": "dev",
              "Name": "tp-ipi-terraform-ec2",
              "Terraform": "true"
            }
          },
          "sensitive_attributes": [],
          "private": "eyJzY2hlbWFfdmVyc2lvbiI6IjEifQ=="
        }
      ]
    }
  ],
  "check_results": null
}
